Microsoft Visual Studio Solution File, Format Version 12.00
# Visual Studio Version 17
VisualStudioVersion = 17.8.34309.116
MinimumVisualStudioVersion = 10.0.40219.1
Project("{9A19103F-16F7-4668-BE54-9A1E7A4F7556}") = "VRCX-Cef", "Dotnet\VRCX-Cef.csproj", "{D9F66F2E-3ED9-4D53-A6AC-ADCC1513562A}"
EndProject
Project("{9A19103F-16F7-4668-BE54-9A1E7A4F7556}") = "VRCX-Electron", "Dotnet\VRCX-Electron.csproj", "{B0275E4A-FE0F-410A-96F1-1D73DF2535FA}"
EndProject
Project("{9A19103F-16F7-4668-BE54-9A1E7A4F7556}") = "DBMerger", "DBMerger\DBMerger.csproj", "{9BE1DD2F-CABC-4CF9-A53E-C62923760887}"
EndProject
Project("{FAE04EC0-301F-11D3-BF4B-00C04F79EFBC}") = "VRCX-Electron-arm64", "Dotnet\VRCX-Electron-arm64.csproj", "{F7207BF2-5BFF-4E47-9D1C-C662F5A28271}"
EndProject
Global
	GlobalSection(SolutionConfigurationPlatforms) = preSolution
		Debug|x64 = Debug|x64
		Release|x64 = Release|x64
	EndGlobalSection
	GlobalSection(ProjectConfigurationPlatforms) = postSolution
		{D9F66F2E-3ED9-4D53-A6AC-ADCC1513562A}.Debug|x64.ActiveCfg = Debug|x64
		{D9F66F2E-3ED9-4D53-A6AC-ADCC1513562A}.Debug|x64.Build.0 = Debug|x64
		{D9F66F2E-3ED9-4D53-A6AC-ADCC1513562A}.Release|x64.ActiveCfg = Release|x64
		{D9F66F2E-3ED9-4D53-A6AC-ADCC1513562A}.Release|x64.Build.0 = Release|x64

		{B0275E4A-FE0F-410A-96F1-1D73DF2535FA}.Debug|x64.ActiveCfg = Debug|x64
		{B0275E4A-FE0F-410A-96F1-1D73DF2535FA}.Debug|x64.Build.0 = Debug|x64
		{B0275E4A-FE0F-410A-96F1-1D73DF2535FA}.Release|x64.ActiveCfg = Release|x64
		{B0275E4A-FE0F-410A-96F1-1D73DF2535FA}.Release|x64.Build.0 = Release|x64

		{9BE1DD2F-CABC-4CF9-A53E-C62923760887}.Debug|x64.ActiveCfg = Debug|x64
		{9BE1DD2F-CABC-4CF9-A53E-C62923760887}.Debug|x64.Build.0 = Debug|x64
		{9BE1DD2F-CABC-4CF9-A53E-C62923760887}.Release|x64.ActiveCfg = Release|x64
		{9BE1DD2F-CABC-4CF9-A53E-C62923760887}.Release|x64.Build.0 = Release|x64
		{F7207BF2-5BFF-4E47-9D1C-C662F5A28271}.Debug|x64.ActiveCfg = Debug|x64
		{F7207BF2-5BFF-4E47-9D1C-C662F5A28271}.Debug|x64.Build.0 = Debug|x64
		{F7207BF2-5BFF-4E47-9D1C-C662F5A28271}.Release|x64.ActiveCfg = Release|x64
		{F7207BF2-5BFF-4E47-9D1C-C662F5A28271}.Release|x64.Build.0 = Release|x64
	EndGlobalSection
	GlobalSection(SolutionProperties) = preSolution
		HideSolutionNode = FALSE
	EndGlobalSection
	GlobalSection(ExtensibilityGlobals) = postSolution
		SolutionGuid = {797D384F-D118-4CBB-9450-17949F9EFCA4}
	EndGlobalSection
EndGlobal
